// !$*UTF8*$!
{
	archiveVersion = 1;
	classes = {
	};
	objectVersion = 56;
	objects = {

/* Begin PBXBuildFile section */
		45209DA72B99ED2000A6722E /* AppDelegate.swift in Sources */ = {isa = PBXBuildFile; fileRef = 45209DA62B99ED2000A6722E /* AppDelegate.swift */; };
		45209DA92B99ED2000A6722E /* SceneDelegate.swift in Sources */ = {isa = PBXBuildFile; fileRef = 45209DA82B99ED2000A6722E /* SceneDelegate.swift */; };
		45209DAB2B99ED2000A6722E /* ViewController.swift in Sources */ = {isa = PBXBuildFile; fileRef = 45209DAA2B99ED2000A6722E /* ViewController.swift */; };
		45209DAE2B99ED2000A6722E /* Main.storyboard in Resources */ = {isa = PBXBuildFile; fileRef = 45209DAC2B99ED2000A6722E /* Main.storyboard */; };
		45209DB02B99ED2300A6722E /* Assets.xcassets in Resources */ = {isa = PBXBuildFile; fileRef = 45209DAF2B99ED2300A6722E /* Assets.xcassets */; };
		45209DB32B99ED2300A6722E /* LaunchScreen.storyboard in Resources */ = {isa = PBXBuildFile; fileRef = 45209DB12B99ED2300A6722E /* LaunchScreen.storyboard */; };
		45209DBE2B99ED2400A6722E /* CardWorkout_v2Tests.swift in Sources */ = {isa = PBXBuildFile; fileRef = 45209DBD2B99ED2400A6722E /* CardWorkout_v2Tests.swift */; };
		45209DC82B99ED2400A6722E /* CardWorkout_v2UITests.swift in Sources */ = {isa = PBXBuildFile; fileRef = 45209DC72B99ED2400A6722E /* CardWorkout_v2UITests.swift */; };
		45209DCA2B99ED2400A6722E /* CardWorkout_v2UITestsLaunchTests.swift in Sources */ = {isa = PBXBuildFile; fileRef = 45209DC92B99ED2400A6722E /* CardWorkout_v2UITestsLaunchTests.swift */; };
/* End PBXBuildFile section */

/* Begin PBXContainerItemProxy section */
		45209DBA2B99ED2400A6722E /* PBXContainerItemProxy */ = {
			isa = PBXContainerItemProxy;
			containerPortal = 45209D9B2B99ED2000A6722E /* Project object */;
			proxyType = 1;
			remoteGlobalIDString = 45209DA22B99ED2000A6722E;
			remoteInfo = "CardWorkout-v2";
		};
		45209DC42B99ED2400A6722E /* PBXContainerItemProxy */ = {
			isa = PBXContainerItemProxy;
			containerPortal = 45209D9B2B99ED2000A6722E /* Project object */;
			proxyType = 1;
			remoteGlobalIDString = 45209DA22B99ED2000A6722E;
			remoteInfo = "CardWorkout-v2";
		};
/* End PBXContainerItemProxy section */

/* Begin PBXFileReference section */
		45209DA32B99ED2000A6722E /* CardWorkout-v2.app */ = {isa = PBXFileReference; explicitFileType = wrapper.application; includeInIndex = 0; path = "CardWorkout-v2.app"; sourceTree = BUILT_PRODUCTS_DIR; };
		45209DA62B99ED2000A6722E /* AppDelegate.swift */ = {isa = PBXFileReference; lastKnownFileType = sourcecode.swift; path = AppDelegate.swift; sourceTree = "<group>"; };
		45209DA82B99ED2000A6722E /* SceneDelegate.swift */ = {isa = PBXFileReference; lastKnownFileType = sourcecode.swift; path = SceneDelegate.swift; sourceTree = "<group>"; };
		45209DAA2B99ED2000A6722E /* ViewController.swift */ = {isa = PBXFileReference; lastKnownFileType = sourcecode.swift; path = ViewController.swift; sourceTree = "<group>"; };
		45209DAD2B99ED2000A6722E /* Base */ = {isa = PBXFileReference; lastKnownFileType = file.storyboard; name = Base; path = Base.lproj/Main.storyboard; sourceTree = "<group>"; };
		45209DAF2B99ED2300A6722E /* Assets.xcassets */ = {isa = PBXFileReference; lastKnownFileType = folder.assetcatalog; path = Assets.xcassets; sourceTree = "<group>"; };
		45209DB22B99ED2300A6722E /* Base */ = {isa = PBXFileReference; lastKnownFileType = file.storyboard; name = Base; path = Base.lproj/LaunchScreen.storyboard; sourceTree = "<group>"; };
		45209DB42B99ED2300A6722E /* Info.plist */ = {isa = PBXFileReference; lastKnownFileType = text.plist.xml; path = Info.plist; sourceTree = "<group>"; };
		45209DB92B99ED2400A6722E /* CardWorkout-v2Tests.xctest */ = {isa = PBXFileReference; explicitFileType = wrapper.cfbundle; includeInIndex = 0; path = "CardWorkout-v2Tests.xctest"; sourceTree = BUILT_PRODUCTS_DIR; };
		45209DBD2B99ED2400A6722E /* CardWorkout_v2Tests.swift */ = {isa = PBXFileReference; lastKnownFileType = sourcecode.swift; path = CardWorkout_v2Tests.swift; sourceTree = "<group>"; };
		45209DC32B99ED2400A6722E /* CardWorkout-v2UITests.xctest */ = {isa = PBXFileReference; explicitFileType = wrapper.cfbundle; includeInIndex = 0; path = "CardWorkout-v2UITests.xctest"; sourceTree = BUILT_PRODUCTS_DIR; };
		45209DC72B99ED2400A6722E /* CardWorkout_v2UITests.swift */ = {isa = PBXFileReference; lastKnownFileType = sourcecode.swift; path = CardWorkout_v2UITests.swift; sourceTree = "<group>"; };
		45209DC92B99ED2400A6722E /* CardWorkout_v2UITestsLaunchTests.swift */ = {isa = PBXFileReference; lastKnownFileType = sourcecode.swift; path = CardWorkout_v2UITestsLaunchTests.swift; sourceTree = "<group>"; };
/* End PBXFileReference section */

/* Begin PBXFrameworksBuildPhase section */
		45209DA02B99ED2000A6722E /* Frameworks */ = {
			isa = PBXFrameworksBuildPhase;
			buildActionMask = 2147483647;
			files = (
			);
			runOnlyForDeploymentPostprocessing = 0;
		};
		45209DB62B99ED2400A6722E /* Frameworks */ = {
			isa = PBXFrameworksBuildPhase;
			buildActionMask = 2147483647;
			files = (
			);
			runOnlyForDeploymentPostprocessing = 0;
		};
		45209DC02B99ED2400A6722E /* Frameworks */ = {
			isa = PBXFrameworksBuildPhase;
			buildActionMask = 2147483647;
			files = (
			);
			runOnlyForDeploymentPostprocessing = 0;
		};
/* End PBXFrameworksBuildPhase section */

/* Begin PBXGroup section */
		45209D9A2B99ED2000A6722E = {
			isa = PBXGroup;
			children = (
				45209DA52B99ED2000A6722E /* CardWorkout-v2 */,
				45209DBC2B99ED2400A6722E /* CardWorkout-v2Tests */,
				45209DC62B99ED2400A6722E /* CardWorkout-v2UITests */,
				45209DA42B99ED2000A6722E /* Products */,
			);
			sourceTree = "<group>";
		};
		45209DA42B99ED2000A6722E /* Products */ = {
			isa = PBXGroup;
			children = (
				45209DA32B99ED2000A6722E /* CardWorkout-v2.app */,
				45209DB92B99ED2400A6722E /* CardWorkout-v2Tests.xctest */,
				45209DC32B99ED2400A6722E /* CardWorkout-v2UITests.xctest */,
			);
			name = Products;
			sourceTree = "<group>";
		};
		45209DA52B99ED2000A6722E /* CardWorkout-v2 */ = {
			isa = PBXGroup;
			children = (
				45209DA62B99ED2000A6722E /* AppDelegate.swift */,
				45209DA82B99ED2000A6722E /* SceneDelegate.swift */,
				45209DAA2B99ED2000A6722E /* ViewController.swift */,
				45209DAC2B99ED2000A6722E /* Main.storyboard */,
				45209DAF2B99ED2300A6722E /* Assets.xcassets */,
				45209DB12B99ED2300A6722E /* LaunchScreen.storyboard */,
				45209DB42B99ED2300A6722E /* Info.plist */,
			);
			path = "CardWorkout-v2";
			sourceTree = "<group>";
		};
		45209DBC2B99ED2400A6722E /* CardWorkout-v2Tests */ = {
			isa = PBXGroup;
			children = (
				45209DBD2B99ED2400A6722E /* CardWorkout_v2Tests.swift */,
			);
			path = "CardWorkout-v2Tests";
			sourceTree = "<group>";
		};
		45209DC62B99ED2400A6722E /* CardWorkout-v2UITests */ = {
			isa = PBXGroup;
			children = (
				45209DC72B99ED2400A6722E /* CardWorkout_v2UITests.swift */,
				45209DC92B99ED2400A6722E /* CardWorkout_v2UITestsLaunchTests.swift */,
			);
			path = "CardWorkout-v2UITests";
			sourceTree = "<group>";
		};
/* End PBXGroup section */

/* Begin PBXNativeTarget section */
		45209DA22B99ED2000A6722E /* CardWorkout-v2 */ = {
			isa = PBXNativeTarget;
			buildConfigurationList = 45209DCD2B99ED2400A6722E /* Build configuration list for PBXNativeTarget "CardWorkout-v2" */;
			buildPhases = (
				45209D9F2B99ED2000A6722E /* Sources */,
				45209DA02B99ED2000A6722E /* Frameworks */,
				45209DA12B99ED2000A6722E /* Resources */,
			);
			buildRules = (
			);
			dependencies = (
			);
			name = "CardWorkout-v2";
			productName = "CardWorkout-v2";
			productReference = 45209DA32B99ED2000A6722E /* CardWorkout-v2.app */;
			productType = "com.apple.product-type.application";
		};
		45209DB82B99ED2400A6722E /* CardWorkout-v2Tests */ = {
			isa = PBXNativeTarget;
			buildConfigurationList = 45209DD02B99ED2400A6722E /* Build configuration list for PBXNativeTarget "CardWorkout-v2Tests" */;
			buildPhases = (
				45209DB52B99ED2400A6722E /* Sources */,
				45209DB62B99ED2400A6722E /* Frameworks */,
				45209DB72B99ED2400A6722E /* Resources */,
			);
			buildRules = (
			);
			dependencies = (
				45209DBB2B99ED2400A6722E /* PBXTargetDependency */,
			);
			name = "CardWorkout-v2Tests";
			productName = "CardWorkout-v2Tests";
			productReference = 45209DB92B99ED2400A6722E /* CardWorkout-v2Tests.xctest */;
			productType = "com.apple.product-type.bundle.unit-test";
		};
		45209DC22B99ED2400A6722E /* CardWorkout-v2UITests */ = {
			isa = PBXNativeTarget;
			buildConfigurationList = 45209DD32B99ED2400A6722E /* Build configuration list for PBXNativeTarget "CardWorkout-v2UITests" */;
			buildPhases = (
				45209DBF2B99ED2400A6722E /* Sources */,
				45209DC02B99ED2400A6722E /* Frameworks */,
				45209DC12B99ED2400A6722E /* Resources */,
			);
			buildRules = (
			);
			dependencies = (
				45209DC52B99ED2400A6722E /* PBXTargetDependency */,
			);
			name = "CardWorkout-v2UITests";
			productName = "CardWorkout-v2UITests";
			productReference = 45209DC32B99ED2400A6722E /* CardWorkout-v2UITests.xctest */;
			productType = "com.apple.product-type.bundle.ui-testing";
		};
/* End PBXNativeTarget section */

/* Begin PBXProject section */
		45209D9B2B99ED2000A6722E /* Project object */ = {
			isa = PBXProject;
			attributes = {
				BuildIndependentTargetsInParallel = 1;
				LastSwiftUpdateCheck = 1520;
				LastUpgradeCheck = 1520;
				TargetAttributes = {
					45209DA22B99ED2000A6722E = {
						CreatedOnToolsVersion = 15.2;
					};
					45209DB82B99ED2400A6722E = {
						CreatedOnToolsVersion = 15.2;
						TestTargetID = 45209DA22B99ED2000A6722E;
					};
					45209DC22B99ED2400A6722E = {
						CreatedOnToolsVersion = 15.2;
						TestTargetID = 45209DA22B99ED2000A6722E;
					};
				};
			};
			buildConfigurationList = 45209D9E2B99ED2000A6722E /* Build configuration list for PBXProject "CardWorkout-v2" */;
			compatibilityVersion = "Xcode 14.0";
			developmentRegion = en;
			hasScannedForEncodings = 0;
			knownRegions = (
				en,
				Base,
			);
			mainGroup = 45209D9A2B99ED2000A6722E;
			productRefGroup = 45209DA42B99ED2000A6722E /* Products */;
			projectDirPath = "";
			projectRoot = "";
			targets = (
				45209DA22B99ED2000A6722E /* CardWorkout-v2 */,
				45209DB82B99ED2400A6722E /* CardWorkout-v2Tests */,
				45209DC22B99ED2400A6722E /* CardWorkout-v2UITests */,
			);
		};
/* End PBXProject section */

/* Begin PBXResourcesBuildPhase section */
		45209DA12B99ED2000A6722E /* Resources */ = {
			isa = PBXResourcesBuildPhase;
			buildActionMask = 2147483647;
			files = (
				45209DB32B99ED2300A6722E /* LaunchScreen.storyboard in Resources */,
				45209DB02B99ED2300A6722E /* Assets.xcassets in Resources */,
				45209DAE2B99ED2000A6722E /* Main.storyboard in Resources */,
			);
			runOnlyForDeploymentPostprocessing = 0;
		};
		45209DB72B99ED2400A6722E /* Resources */ = {
			isa = PBXResourcesBuildPhase;
			buildActionMask = 2147483647;
			files = (
			);
			runOnlyForDeploymentPostprocessing = 0;
		};
		45209DC12B99ED2400A6722E /* Resources */ = {
			isa = PBXResourcesBuildPhase;
			buildActionMask = 2147483647;
			files = (
			);
			runOnlyForDeploymentPostprocessing = 0;
		};
/* End PBXResourcesBuildPhase section */

/* Begin PBXSourcesBuildPhase section */
		45209D9F2B99ED2000A6722E /* Sources */ = {
			isa = PBXSourcesBuildPhase;
			buildActionMask = 2147483647;
			files = (
				45209DAB2B99ED2000A6722E /* ViewController.swift in Sources */,
				45209DA72B99ED2000A6722E /* AppDelegate.swift in Sources */,
				45209DA92B99ED2000A6722E /* SceneDelegate.swift in Sources */,
			);
			runOnlyForDeploymentPostprocessing = 0;
		};
		45209DB52B99ED2400A6722E /* Sources */ = {
			isa = PBXSourcesBuildPhase;
			buildActionMask = 2147483647;
			files = (
				45209DBE2B99ED2400A6722E /* CardWorkout_v2Tests.swift in Sources */,
			);
			runOnlyForDeploymentPostprocessing = 0;
		};
		45209DBF2B99ED2400A6722E /* Sources */ = {
			isa = PBXSourcesBuildPhase;
			buildActionMask = 2147483647;
			files = (
				45209DCA2B99ED2400A6722E /* CardWorkout_v2UITestsLaunchTests.swift in Sources */,
				45209DC82B99ED2400A6722E /* CardWorkout_v2UITests.swift in Sources */,
			);
			runOnlyForDeploymentPostprocessing = 0;
		};
/* End PBXSourcesBuildPhase section */

/* Begin PBXTargetDependency section */
		45209DBB2B99ED2400A6722E /* PBXTargetDependency */ = {
			isa = PBXTargetDependency;
			target = 45209DA22B99ED2000A6722E /* CardWorkout-v2 */;
			targetProxy = 45209DBA2B99ED2400A6722E /* PBXContainerItemProxy */;
		};
		45209DC52B99ED2400A6722E /* PBXTargetDependency */ = {
			isa = PBXTargetDependency;
			target = 45209DA22B99ED2000A6722E /* CardWorkout-v2 */;
			targetProxy = 45209DC42B99ED2400A6722E /* PBXContainerItemProxy */;
		};
/* End PBXTargetDependency section */

/* Begin PBXVariantGroup section */
		45209DAC2B99ED2000A6722E /* Main.storyboard */ = {
			isa = PBXVariantGroup;
			children = (
				45209DAD2B99ED2000A6722E /* Base */,
			);
			name = Main.storyboard;
			sourceTree = "<group>";
		};
		45209DB12B99ED2300A6722E /* LaunchScreen.storyboard */ = {
			isa = PBXVariantGroup;
			children = (
				45209DB22B99ED2300A6722E /* Base */,
			);
			name = LaunchScreen.storyboard;
			sourceTree = "<group>";
		};
/* End PBXVariantGroup section */

/* Begin XCBuildConfiguration section */
		45209DCB2B99ED2400A6722E /* Debug */ = {
			isa = XCBuildConfiguration;
			buildSettings = {
				ALWAYS_SEARCH_USER_PATHS = NO;
				ASSETCATALOG_COMPILER_GENERATE_SWIFT_ASSET_SYMBOL_EXTENSIONS = YES;
				CLANG_ANALYZER_NONNULL = YES;
				CLANG_ANALYZER_NUMBER_OBJECT_CONVERSION = YES_AGGRESSIVE;
				CLANG_CXX_LANGUAGE_STANDARD = "gnu++20";
				CLANG_ENABLE_MODULES = YES;
				CLANG_ENABLE_OBJC_ARC = YES;
				CLANG_ENABLE_OBJC_WEAK = YES;
				CLANG_WARN_BLOCK_CAPTURE_AUTORELEASING = YES;
				CLANG_WARN_BOOL_CONVERSION = YES;
				CLANG_WARN_COMMA = YES;
				CLANG_WARN_CONSTANT_CONVERSION = YES;
				CLANG_WARN_DEPRECATED_OBJC_IMPLEMENTATIONS = YES;
				CLANG_WARN_DIRECT_OBJC_ISA_USAGE = YES_ERROR;
				CLANG_WARN_DOCUMENTATION_COMMENTS = YES;
				CLANG_WARN_EMPTY_BODY = YES;
				CLANG_WARN_ENUM_CONVERSION = YES;
				CLANG_WARN_INFINITE_RECURSION = YES;
				CLANG_WARN_INT_CONVERSION = YES;
				CLANG_WARN_NON_LITERAL_NULL_CONVERSION = YES;
				CLANG_WARN_OBJC_IMPLICIT_RETAIN_SELF = YES;
				CLANG_WARN_OBJC_LITERAL_CONVERSION = YES;
				CLANG_WARN_OBJC_ROOT_CLASS = YES_ERROR;
				CLANG_WARN_QUOTED_INCLUDE_IN_FRAMEWORK_HEADER = YES;
				CLANG_WARN_RANGE_LOOP_ANALYSIS = YES;
				CLANG_WARN_STRICT_PROTOTYPES = YES;
				CLANG_WARN_SUSPICIOUS_MOVE = YES;
				CLANG_WARN_UNGUARDED_AVAILABILITY = YES_AGGRESSIVE;
				CLANG_WARN_UNREACHABLE_CODE = YES;
				CLANG_WARN__DUPLICATE_METHOD_MATCH = YES;
				COPY_PHASE_STRIP = NO;
				DEBUG_INFORMATION_FORMAT = dwarf;
				ENABLE_STRICT_OBJC_MSGSEND = YES;
				ENABLE_TESTABILITY = YES;
				ENABLE_USER_SCRIPT_SANDBOXING = YES;
				GCC_C_LANGUAGE_STANDARD = gnu17;
				GCC_DYNAMIC_NO_PIC = NO;
				GCC_NO_COMMON_BLOCKS = YES;
				GCC_OPTIMIZATION_LEVEL = 0;
				GCC_PREPROCESSOR_DEFINITIONS = (
					"DEBUG=1",
					"$(inherited)",
				);
				GCC_WARN_64_TO_32_BIT_CONVERSION = YES;
				GCC_WARN_ABOUT_RETURN_TYPE = YES_ERROR;
				GCC_WARN_UNDECLARED_SELECTOR = YES;
				GCC_WARN_UNINITIALIZED_AUTOS = YES_AGGRESSIVE;
				GCC_WARN_UNUSED_FUNCTION = YES;
				GCC_WARN_UNUSED_VARIABLE = YES;
				IPHONEOS_DEPLOYMENT_TARGET = 17.2;
				LOCALIZATION_PREFERS_STRING_CATALOGS = YES;
				MTL_ENABLE_DEBUG_INFO = INCLUDE_SOURCE;
				MTL_FAST_MATH = YES;
				ONLY_ACTIVE_ARCH = YES;
				SDKROOT = iphoneos;
				SWIFT_ACTIVE_COMPILATION_CONDITIONS = "DEBUG $(inherited)";
				SWIFT_OPTIMIZATION_LEVEL = "-Onone";
			};
			name = Debug;
		};
		45209DCC2B99ED2400A6722E /* Release */ = {
			isa = XCBuildConfiguration;
			buildSettings = {
				ALWAYS_SEARCH_USER_PATHS = NO;
				ASSETCATALOG_COMPILER_GENERATE_SWIFT_ASSET_SYMBOL_EXTENSIONS = YES;
				CLANG_ANALYZER_NONNULL = YES;
				CLANG_ANALYZER_NUMBER_OBJECT_CONVERSION = YES_AGGRESSIVE;
				CLANG_CXX_LANGUAGE_STANDARD = "gnu++20";
				CLANG_ENABLE_MODULES = YES;
				CLANG_ENABLE_OBJC_ARC = YES;
				CLANG_ENABLE_OBJC_WEAK = YES;
				CLANG_WARN_BLOCK_CAPTURE_AUTORELEASING = YES;
				CLANG_WARN_BOOL_CONVERSION = YES;
				CLANG_WARN_COMMA = YES;
				CLANG_WARN_CONSTANT_CONVERSION = YES;
				CLANG_WARN_DEPRECATED_OBJC_IMPLEMENTATIONS = YES;
				CLANG_WARN_DIRECT_OBJC_ISA_USAGE = YES_ERROR;
				CLANG_WARN_DOCUMENTATION_COMMENTS = YES;
				CLANG_WARN_EMPTY_BODY = YES;
				CLANG_WARN_ENUM_CONVERSION = YES;
				CLANG_WARN_INFINITE_RECURSION = YES;
				CLANG_WARN_INT_CONVERSION = YES;
				CLANG_WARN_NON_LITERAL_NULL_CONVERSION = YES;
				CLANG_WARN_OBJC_IMPLICIT_RETAIN_SELF = YES;
				CLANG_WARN_OBJC_LITERAL_CONVERSION = YES;
				CLANG_WARN_OBJC_ROOT_CLASS = YES_ERROR;
				CLANG_WARN_QUOTED_INCLUDE_IN_FRAMEWORK_HEADER = YES;
				CLANG_WARN_RANGE_LOOP_ANALYSIS = YES;
				CLANG_WARN_STRICT_PROTOTYPES = YES;
				CLANG_WARN_SUSPICIOUS_MOVE = YES;
				CLANG_WARN_UNGUARDED_AVAILABILITY = YES_AGGRESSIVE;
				CLANG_WARN_UNREACHABLE_CODE = YES;
				CLANG_WARN__DUPLICATE_METHOD_MATCH = YES;
				COPY_PHASE_STRIP = NO;
				DEBUG_INFORMATION_FORMAT = "dwarf-with-dsym";
				ENABLE_NS_ASSERTIONS = NO;
				ENABLE_STRICT_OBJC_MSGSEND = YES;
				ENABLE_USER_SCRIPT_SANDBOXING = YES;
				GCC_C_LANGUAGE_STANDARD = gnu17;
				GCC_NO_COMMON_BLOCKS = YES;
				GCC_WARN_64_TO_32_BIT_CONVERSION = YES;
				GCC_WARN_ABOUT_RETURN_TYPE = YES_ERROR;
				GCC_WARN_UNDECLARED_SELECTOR = YES;
				GCC_WARN_UNINITIALIZED_AUTOS = YES_AGGRESSIVE;
				GCC_WARN_UNUSED_FUNCTION = YES;
				GCC_WARN_UNUSED_VARIABLE = YES;
				IPHONEOS_DEPLOYMENT_TARGET = 17.2;
				LOCALIZATION_PREFERS_STRING_CATALOGS = YES;
				MTL_ENABLE_DEBUG_INFO = NO;
				MTL_FAST_MATH = YES;
				SDKROOT = iphoneos;
				SWIFT_COMPILATION_MODE = wholemodule;
				VALIDATE_PRODUCT = YES;
			};
			name = Release;
		};
		45209DCE2B99ED2400A6722E /* Debug */ = {
			isa = XCBuildConfiguration;
			buildSettings = {
				ASSETCATALOG_COMPILER_APPICON_NAME = AppIcon;
				ASSETCATALOG_COMPILER_GLOBAL_ACCENT_COLOR_NAME = AccentColor;
				CODE_SIGN_STYLE = Automatic;
				CURRENT_PROJECT_VERSION = 1;
				GENERATE_INFOPLIST_FILE = YES;
				INFOPLIST_FILE = "CardWorkout-v2/Info.plist";
				INFOPLIST_KEY_UIApplicationSupportsIndirectInputEvents = YES;
				INFOPLIST_KEY_UILaunchStoryboardName = LaunchScreen;
				INFOPLIST_KEY_UIMainStoryboardFile = Main;
				INFOPLIST_KEY_UISupportedInterfaceOrientations_iPad = "UIInterfaceOrientationPortrait UIInterfaceOrientationPortraitUpsideDown UIInterfaceOrientationLandscapeLeft UIInterfaceOrientationLandscapeRight";
				INFOPLIST_KEY_UISupportedInterfaceOrientations_iPhone = "UIInterfaceOrientationPortrait UIInterfaceOrientationLandscapeLeft UIInterfaceOrientationLandscapeRight";
				LD_RUNPATH_SEARCH_PATHS = (
					"$(inherited)",
					"@executable_path/Frameworks",
				);
				MARKETING_VERSION = 1.0;
				PRODUCT_BUNDLE_IDENTIFIER = "facundo.CardWorkout-v2";
				PRODUCT_NAME = "$(TARGET_NAME)";
				SWIFT_EMIT_LOC_STRINGS = YES;
				SWIFT_VERSION = 5.0;
				TARGETED_DEVICE_FAMILY = "1,2";
			};
			name = Debug;
		};
		45209DCF2B99ED2400A6722E /* Release */ = {
			isa = XCBuildConfiguration;
			buildSettings = {
				ASSETCATALOG_COMPILER_APPICON_NAME = AppIcon;
				ASSETCATALOG_COMPILER_GLOBAL_ACCENT_COLOR_NAME = AccentColor;
				CODE_SIGN_STYLE = Automatic;
				CURRENT_PROJECT_VERSION = 1;
				GENERATE_INFOPLIST_FILE = YES;
				INFOPLIST_FILE = "CardWorkout-v2/Info.plist";
				INFOPLIST_KEY_UIApplicationSupportsIndirectInputEvents = YES;
				INFOPLIST_KEY_UILaunchStoryboardName = LaunchScreen;
				INFOPLIST_KEY_UIMainStoryboardFile = Main;
				INFOPLIST_KEY_UISupportedInterfaceOrientations_iPad = "UIInterfaceOrientationPortrait UIInterfaceOrientationPortraitUpsideDown UIInterfaceOrientationLandscapeLeft UIInterfaceOrientationLandscapeRight";
				INFOPLIST_KEY_UISupportedInterfaceOrientations_iPhone = "UIInterfaceOrientationPortrait UIInterfaceOrientationLandscapeLeft UIInterfaceOrientationLandscapeRight";
				LD_RUNPATH_SEARCH_PATHS = (
					"$(inherited)",
					"@executable_path/Frameworks",
				);
				MARKETING_VERSION = 1.0;
				PRODUCT_BUNDLE_IDENTIFIER = "facundo.CardWorkout-v2";
				PRODUCT_NAME = "$(TARGET_NAME)";
				SWIFT_EMIT_LOC_STRINGS = YES;
				SWIFT_VERSION = 5.0;
				TARGETED_DEVICE_FAMILY = "1,2";
			};
			name = Release;
		};
		45209DD12B99ED2400A6722E /* Debug */ = {
			isa = XCBuildConfiguration;
			buildSettings = {
				ALWAYS_EMBED_SWIFT_STANDARD_LIBRARIES = YES;
				BUNDLE_LOADER = "$(TEST_HOST)";
				CODE_SIGN_STYLE = Automatic;
				CURRENT_PROJECT_VERSION = 1;
				GENERATE_INFOPLIST_FILE = YES;
				IPHONEOS_DEPLOYMENT_TARGET = 17.2;
				MARKETING_VERSION = 1.0;
				PRODUCT_BUNDLE_IDENTIFIER = "facundo.CardWorkout-v2Tests";
				PRODUCT_NAME = "$(TARGET_NAME)";
				SWIFT_EMIT_LOC_STRINGS = NO;
				SWIFT_VERSION = 5.0;
				TARGETED_DEVICE_FAMILY = "1,2";
				TEST_HOST = "$(BUILT_PRODUCTS_DIR)/CardWorkout-v2.app/$(BUNDLE_EXECUTABLE_FOLDER_PATH)/CardWorkout-v2";
			};
			name = Debug;
		};
		45209DD22B99ED2400A6722E /* Release */ = {
			isa = XCBuildConfiguration;
			buildSettings = {
				ALWAYS_EMBED_SWIFT_STANDARD_LIBRARIES = YES;
				BUNDLE_LOADER = "$(TEST_HOST)";
				CODE_SIGN_STYLE = Automatic;
				CURRENT_PROJECT_VERSION = 1;
				GENERATE_INFOPLIST_FILE = YES;
				IPHONEOS_DEPLOYMENT_TARGET = 17.2;
				MARKETING_VERSION = 1.0;
				PRODUCT_BUNDLE_IDENTIFIER = "facundo.CardWorkout-v2Tests";
				PRODUCT_NAME = "$(TARGET_NAME)";
				SWIFT_EMIT_LOC_STRINGS = NO;
				SWIFT_VERSION = 5.0;
				TARGETED_DEVICE_FAMILY = "1,2";
				TEST_HOST = "$(BUILT_PRODUCTS_DIR)/CardWorkout-v2.app/$(BUNDLE_EXECUTABLE_FOLDER_PATH)/CardWorkout-v2";
			};
			name = Release;
		};
		45209DD42B99ED2400A6722E /* Debug */ = {
			isa = XCBuildConfiguration;
			buildSettings = {
				ALWAYS_EMBED_SWIFT_STANDARD_LIBRARIES = YES;
				CODE_SIGN_STYLE = Automatic;
				CURRENT_PROJECT_VERSION = 1;
				GENERATE_INFOPLIST_FILE = YES;
				MARKETING_VERSION = 1.0;
				PRODUCT_BUNDLE_IDENTIFIER = "facundo.CardWorkout-v2UITests";
				PRODUCT_NAME = "$(TARGET_NAME)";
				SWIFT_EMIT_LOC_STRINGS = NO;
				SWIFT_VERSION = 5.0;
				TARGETED_DEVICE_FAMILY = "1,2";
				TEST_TARGET_NAME = "CardWorkout-v2";
			};
			name = Debug;
		};
		45209DD52B99ED2400A6722E /* Release */ = {
			isa = XCBuildConfiguration;
			buildSettings = {
				ALWAYS_EMBED_SWIFT_STANDARD_LIBRARIES = YES;
				CODE_SIGN_STYLE = Automatic;
				CURRENT_PROJECT_VERSION = 1;
				GENERATE_INFOPLIST_FILE = YES;
				MARKETING_VERSION = 1.0;
				PRODUCT_BUNDLE_IDENTIFIER = "facundo.CardWorkout-v2UITests";
				PRODUCT_NAME = "$(TARGET_NAME)";
				SWIFT_EMIT_LOC_STRINGS = NO;
				SWIFT_VERSION = 5.0;
				TARGETED_DEVICE_FAMILY = "1,2";
				TEST_TARGET_NAME = "CardWorkout-v2";
			};
			name = Release;
		};
/* End XCBuildConfiguration section */

/* Begin XCConfigurationList section */
		45209D9E2B99ED2000A6722E /* Build configuration list for PBXProject "CardWorkout-v2" */ = {
			isa = XCConfigurationList;
			buildConfigurations = (
				45209DCB2B99ED2400A6722E /* Debug */,
				45209DCC2B99ED2400A6722E /* Release */,
			);
			defaultConfigurationIsVisible = 0;
			defaultConfigurationName = Release;
		};
		45209DCD2B99ED2400A6722E /* Build configuration list for PBXNativeTarget "CardWorkout-v2" */ = {
			isa = XCConfigurationList;
			buildConfigurations = (
				45209DCE2B99ED2400A6722E /* Debug */,
				45209DCF2B99ED2400A6722E /* Release */,
			);
			defaultConfigurationIsVisible = 0;
			defaultConfigurationName = Release;
		};
		45209DD02B99ED2400A6722E /* Build configuration list for PBXNativeTarget "CardWorkout-v2Tests" */ = {
			isa = XCConfigurationList;
			buildConfigurations = (
				45209DD12B99ED2400A6722E /* Debug */,
				45209DD22B99ED2400A6722E /* Release */,
			);
			defaultConfigurationIsVisible = 0;
			defaultConfigurationName = Release;
		};
		45209DD32B99ED2400A6722E /* Build configuration list for PBXNativeTarget "CardWorkout-v2UITests" */ = {
			isa = XCConfigurationList;
			buildConfigurations = (
				45209DD42B99ED2400A6722E /* Debug */,
				45209DD52B99ED2400A6722E /* Release */,
			);
			defaultConfigurationIsVisible = 0;
			defaultConfigurationName = Release;
		};
/* End XCConfigurationList section */
	};
	rootObject = 45209D9B2B99ED2000A6722E /* Project object */;
}
